
Microsoft Visual Studio Solution File, Format Version 12.00
# Visual Studio Version 16
VisualStudioVersion = 16.0.33423.256
MinimumVisualStudioVersion = 10.0.40219.1
Project("{8BC9CEB8-8B4A-11D0-8D11-00A0C91BC942}") = "Project31", "Project31\Project31.vcxproj", "{723D1642-10EB-46A3-AFF9-7F334ADB52A3}"
EndProject
Global
	GlobalSection(SolutionConfigurationPlatforms) = preSolution
		Debug|x64 = Debug|x64
		Debug|x86 = Debug|x86
		Release|x64 = Release|x64
		Release|x86 = Release|x86
	EndGlobalSection
	GlobalSection(ProjectConfigurationPlatforms) = postSolution
		{723D1642-10EB-46A3-AFF9-7F334ADB52A3}.Debug|x64.ActiveCfg = Debug|x64
		{723D1642-10EB-46A3-AFF9-7F334ADB52A3}.Debug|x64.Build.0 = Debug|x64
		{723D1642-10EB-46A3-AFF9-7F334ADB52A3}.Debug|x86.ActiveCfg = Debug|Win32
		{723D1642-10EB-46A3-AFF9-7F334ADB52A3}.Debug|x86.Build.0 = Debug|Win32
		{723D1642-10EB-46A3-AFF9-7F334ADB52A3}.Release|x64.ActiveCfg = Release|x64
		{723D1642-10EB-46A3-AFF9-7F334ADB52A3}.Release|x64.Build.0 = Release|x64
		{723D1642-10EB-46A3-AFF9-7F334ADB52A3}.Release|x86.ActiveCfg = Release|Win32
		{723D1642-10EB-46A3-AFF9-7F334ADB52A3}.Release|x86.Build.0 = Release|Win32
	EndGlobalSection
	GlobalSection(SolutionProperties) = preSolution
		HideSolutionNode = FALSE
	EndGlobalSection
	GlobalSection(ExtensibilityGlobals) = postSolution
		SolutionGuid = {4EE1315F-61B0-448D-AD0E-8F96C0D31A5E}
	EndGlobalSection
EndGlobal
